// !$*UTF8*$!
{
	archiveVersion = 1;
	classes = {
	};
	objectVersion = 46;
	objects = {

/* Begin PBXBuildFile section */
		D2E40C271B18A92100DB4641 /* AppDelegate.swift in Sources */ = {isa = PBXBuildFile; fileRef = D2E40C261B18A92100DB4641 /* AppDelegate.swift */; };
		D2E40C291B18A92100DB4641 /* ViewController.swift in Sources */ = {isa = PBXBuildFile; fileRef = D2E40C281B18A92100DB4641 /* ViewController.swift */; };
		D2E40C2B1B18A92100DB4641 /* Images.xcassets in Resources */ = {isa = PBXBuildFile; fileRef = D2E40C2A1B18A92100DB4641 /* Images.xcassets */; };
		D2E40C2E1B18A92100DB4641 /* Main.storyboard in Resources */ = {isa = PBXBuildFile; fileRef = D2E40C2C1B18A92100DB4641 /* Main.storyboard */; };
		D2E40C3A1B18A92100DB4641 /* keepTests.swift in Sources */ = {isa = PBXBuildFile; fileRef = D2E40C391B18A92100DB4641 /* keepTests.swift */; };
/* End PBXBuildFile section */

/* Begin PBXContainerItemProxy section */
		D2E40C341B18A92100DB4641 /* PBXContainerItemProxy */ = {
			isa = PBXContainerItemProxy;
			containerPortal = D2E40C191B18A92100DB4641 /* Project object */;
			proxyType = 1;
			remoteGlobalIDString = D2E40C201B18A92100DB4641;
			remoteInfo = keep;
		};
/* End PBXContainerItemProxy section */

/* Begin PBXFileReference section */
		D2E40C211B18A92100DB4641 /* keep.app */ = {isa = PBXFileReference; explicitFileType = wrapper.application; includeInIndex = 0; path = keep.app; sourceTree = BUILT_PRODUCTS_DIR; };
		D2E40C251B18A92100DB4641 /* Info.plist */ = {isa = PBXFileReference; lastKnownFileType = text.plist.xml; path = Info.plist; sourceTree = "<group>"; };
		D2E40C261B18A92100DB4641 /* AppDelegate.swift */ = {isa = PBXFileReference; lastKnownFileType = sourcecode.swift; path = AppDelegate.swift; sourceTree = "<group>"; };
		D2E40C281B18A92100DB4641 /* ViewController.swift */ = {isa = PBXFileReference; lastKnownFileType = sourcecode.swift; path = ViewController.swift; sourceTree = "<group>"; };
		D2E40C2A1B18A92100DB4641 /* Images.xcassets */ = {isa = PBXFileReference; lastKnownFileType = folder.assetcatalog; path = Images.xcassets; sourceTree = "<group>"; };
		D2E40C2D1B18A92100DB4641 /* Base */ = {isa = PBXFileReference; lastKnownFileType = file.storyboard; name = Base; path = Base.lproj/Main.storyboard; sourceTree = "<group>"; };
		D2E40C331B18A92100DB4641 /* keepTests.xctest */ = {isa = PBXFileReference; explicitFileType = wrapper.cfbundle; includeInIndex = 0; path = keepTests.xctest; sourceTree = BUILT_PRODUCTS_DIR; };
		D2E40C381B18A92100DB4641 /* Info.plist */ = {isa = PBXFileReference; lastKnownFileType = text.plist.xml; path = Info.plist; sourceTree = "<group>"; };
		D2E40C391B18A92100DB4641 /* keepTests.swift */ = {isa = PBXFileReference; lastKnownFileType = sourcecode.swift; path = keepTests.swift; sourceTree = "<group>"; };
/* End PBXFileReference section */

/* Begin PBXFrameworksBuildPhase section */
		D2E40C1E1B18A92100DB4641 /* Frameworks */ = {
			isa = PBXFrameworksBuildPhase;
			buildActionMask = 2147483647;
			files = (
			);
			runOnlyForDeploymentPostprocessing = 0;
		};
		D2E40C301B18A92100DB4641 /* Frameworks */ = {
			isa = PBXFrameworksBuildPhase;
			buildActionMask = 2147483647;
			files = (
			);
			runOnlyForDeploymentPostprocessing = 0;
		};
/* End PBXFrameworksBuildPhase section */

/* Begin PBXGroup section */
		D2E40C181B18A92100DB4641 = {
			isa = PBXGroup;
			children = (
				D2E40C231B18A92100DB4641 /* keep */,
				D2E40C361B18A92100DB4641 /* keepTests */,
				D2E40C221B18A92100DB4641 /* Products */,
			);
			sourceTree = "<group>";
		};
		D2E40C221B18A92100DB4641 /* Products */ = {
			isa = PBXGroup;
			children = (
				D2E40C211B18A92100DB4641 /* keep.app */,
				D2E40C331B18A92100DB4641 /* keepTests.xctest */,
			);
			name = Products;
			sourceTree = "<group>";
		};
		D2E40C231B18A92100DB4641 /* keep */ = {
			isa = PBXGroup;
			children = (
				D2E40C261B18A92100DB4641 /* AppDelegate.swift */,
				D2E40C281B18A92100DB4641 /* ViewController.swift */,
				D2E40C2A1B18A92100DB4641 /* Images.xcassets */,
				D2E40C2C1B18A92100DB4641 /* Main.storyboard */,
				D2E40C241B18A92100DB4641 /* Supporting Files */,
			);
			path = keep;
			sourceTree = "<group>";
		};
		D2E40C241B18A92100DB4641 /* Supporting Files */ = {
			isa = PBXGroup;
			children = (
				D2E40C251B18A92100DB4641 /* Info.plist */,
			);
			name = "Supporting Files";
			sourceTree = "<group>";
		};
		D2E40C361B18A92100DB4641 /* keepTests */ = {
			isa = PBXGroup;
			children = (
				D2E40C391B18A92100DB4641 /* keepTests.swift */,
				D2E40C371B18A92100DB4641 /* Supporting Files */,
			);
			path = keepTests;
			sourceTree = "<group>";
		};
		D2E40C371B18A92100DB4641 /* Supporting Files */ = {
			isa = PBXGroup;
			children = (
				D2E40C381B18A92100DB4641 /* Info.plist */,
			);
			name = "Supporting Files";
			sourceTree = "<group>";
		};
/* End PBXGroup section */

/* Begin PBXNativeTarget section */
		D2E40C201B18A92100DB4641 /* keep */ = {
			isa = PBXNativeTarget;
			buildConfigurationList = D2E40C3D1B18A92100DB4641 /* Build configuration list for PBXNativeTarget "keep" */;
			buildPhases = (
				D2E40C1D1B18A92100DB4641 /* Sources */,
				D2E40C1E1B18A92100DB4641 /* Frameworks */,
				D2E40C1F1B18A92100DB4641 /* Resources */,
			);
			buildRules = (
			);
			dependencies = (
			);
			name = keep;
			productName = keep;
			productReference = D2E40C211B18A92100DB4641 /* keep.app */;
			productType = "com.apple.product-type.application";
		};
		D2E40C321B18A92100DB4641 /* keepTests */ = {
			isa = PBXNativeTarget;
			buildConfigurationList = D2E40C401B18A92100DB4641 /* Build configuration list for PBXNativeTarget "keepTests" */;
			buildPhases = (
				D2E40C2F1B18A92100DB4641 /* Sources */,
				D2E40C301B18A92100DB4641 /* Frameworks */,
				D2E40C311B18A92100DB4641 /* Resources */,
			);
			buildRules = (
			);
			dependencies = (
				D2E40C351B18A92100DB4641 /* PBXTargetDependency */,
			);
			name = keepTests;
			productName = keepTests;
			productReference = D2E40C331B18A92100DB4641 /* keepTests.xctest */;
			productType = "com.apple.product-type.bundle.unit-test";
		};
/* End PBXNativeTarget section */

/* Begin PBXProject section */
		D2E40C191B18A92100DB4641 /* Project object */ = {
			isa = PBXProject;
			attributes = {
				LastUpgradeCheck = 0630;
				ORGANIZATIONNAME = "Matej Vancik";
				TargetAttributes = {
					D2E40C201B18A92100DB4641 = {
						CreatedOnToolsVersion = 6.3.1;
					};
					D2E40C321B18A92100DB4641 = {
						CreatedOnToolsVersion = 6.3.1;
						TestTargetID = D2E40C201B18A92100DB4641;
					};
				};
			};
			buildConfigurationList = D2E40C1C1B18A92100DB4641 /* Build configuration list for PBXProject "keep" */;
			compatibilityVersion = "Xcode 3.2";
			developmentRegion = English;
			hasScannedForEncodings = 0;
			knownRegions = (
				en,
				Base,
			);
			mainGroup = D2E40C181B18A92100DB4641;
			productRefGroup = D2E40C221B18A92100DB4641 /* Products */;
			projectDirPath = "";
			projectRoot = "";
			targets = (
				D2E40C201B18A92100DB4641 /* keep */,
				D2E40C321B18A92100DB4641 /* keepTests */,
			);
		};
/* End PBXProject section */

/* Begin PBXResourcesBuildPhase section */
		D2E40C1F1B18A92100DB4641 /* Resources */ = {
			isa = PBXResourcesBuildPhase;
			buildActionMask = 2147483647;
			files = (
				D2E40C2B1B18A92100DB4641 /* Images.xcassets in Resources */,
				D2E40C2E1B18A92100DB4641 /* Main.storyboard in Resources */,
			);
			runOnlyForDeploymentPostprocessing = 0;
		};
		D2E40C311B18A92100DB4641 /* Resources */ = {
			isa = PBXResourcesBuildPhase;
			buildActionMask = 2147483647;
			files = (
			);
			runOnlyForDeploymentPostprocessing = 0;
		};
/* End PBXResourcesBuildPhase section */

/* Begin PBXSourcesBuildPhase section */
		D2E40C1D1B18A92100DB4641 /* Sources */ = {
			isa = PBXSourcesBuildPhase;
			buildActionMask = 2147483647;
			files = (
				D2E40C291B18A92100DB4641 /* ViewController.swift in Sources */,
				D2E40C271B18A92100DB4641 /* AppDelegate.swift in Sources */,
			);
			runOnlyForDeploymentPostprocessing = 0;
		};
		D2E40C2F1B18A92100DB4641 /* Sources */ = {
			isa = PBXSourcesBuildPhase;
			buildActionMask = 2147483647;
			files = (
				D2E40C3A1B18A92100DB4641 /* keepTests.swift in Sources */,
			);
			runOnlyForDeploymentPostprocessing = 0;
		};
/* End PBXSourcesBuildPhase section */

/* Begin PBXTargetDependency section */
		D2E40C351B18A92100DB4641 /* PBXTargetDependency */ = {
			isa = PBXTargetDependency;
			target = D2E40C201B18A92100DB4641 /* keep */;
			targetProxy = D2E40C341B18A92100DB4641 /* PBXContainerItemProxy */;
		};
/* End PBXTargetDependency section */

/* Begin PBXVariantGroup section */
		D2E40C2C1B18A92100DB4641 /* Main.storyboard */ = {
			isa = PBXVariantGroup;
			children = (
				D2E40C2D1B18A92100DB4641 /* Base */,
			);
			name = Main.storyboard;
			sourceTree = "<group>";
		};
/* End PBXVariantGroup section */

/* Begin XCBuildConfiguration section */
		D2E40C3B1B18A92100DB4641 /* Debug */ = {
			isa = XCBuildConfiguration;
			buildSettings = {
				ALWAYS_SEARCH_USER_PATHS = NO;
				CLANG_CXX_LANGUAGE_STANDARD = "gnu++0x";
				CLANG_CXX_LIBRARY = "libc++";
				CLANG_ENABLE_MODULES = YES;
				CLANG_ENABLE_OBJC_ARC = YES;
				CLANG_WARN_BOOL_CONVERSION = YES;
				CLANG_WARN_CONSTANT_CONVERSION = YES;
				CLANG_WARN_DIRECT_OBJC_ISA_USAGE = YES_ERROR;
				CLANG_WARN_EMPTY_BODY = YES;
				CLANG_WARN_ENUM_CONVERSION = YES;
				CLANG_WARN_INT_CONVERSION = YES;
				CLANG_WARN_OBJC_ROOT_CLASS = YES_ERROR;
				CLANG_WARN_UNREACHABLE_CODE = YES;
				CLANG_WARN__DUPLICATE_METHOD_MATCH = YES;
				CODE_SIGN_IDENTITY = "-";
				COPY_PHASE_STRIP = NO;
				DEBUG_INFORMATION_FORMAT = dwarf;
				ENABLE_STRICT_OBJC_MSGSEND = YES;
				GCC_C_LANGUAGE_STANDARD = gnu99;
				GCC_DYNAMIC_NO_PIC = NO;
				GCC_NO_COMMON_BLOCKS = YES;
				GCC_OPTIMIZATION_LEVEL = 0;
				GCC_PREPROCESSOR_DEFINITIONS = (
					"DEBUG=1",
					"$(inherited)",
				);
				GCC_SYMBOLS_PRIVATE_EXTERN = NO;
				GCC_WARN_64_TO_32_BIT_CONVERSION = YES;
				GCC_WARN_ABOUT_RETURN_TYPE = YES_ERROR;
				GCC_WARN_UNDECLARED_SELECTOR = YES;
				GCC_WARN_UNINITIALIZED_AUTOS = YES_AGGRESSIVE;
				GCC_WARN_UNUSED_FUNCTION = YES;
				GCC_WARN_UNUSED_VARIABLE = YES;
				MACOSX_DEPLOYMENT_TARGET = 10.10;
				MTL_ENABLE_DEBUG_INFO = YES;
				ONLY_ACTIVE_ARCH = YES;
				SDKROOT = macosx;
				SWIFT_OPTIMIZATION_LEVEL = "-Onone";
			};
			name = Debug;
		};
		D2E40C3C1B18A92100DB4641 /* Release */ = {
			isa = XCBuildConfiguration;
			buildSettings = {
				ALWAYS_SEARCH_USER_PATHS = NO;
				CLANG_CXX_LANGUAGE_STANDARD = "gnu++0x";
				CLANG_CXX_LIBRARY = "libc++";
				CLANG_ENABLE_MODULES = YES;
				CLANG_ENABLE_OBJC_ARC = YES;
				CLANG_WARN_BOOL_CONVERSION = YES;
				CLANG_WARN_CONSTANT_CONVERSION = YES;
				CLANG_WARN_DIRECT_OBJC_ISA_USAGE = YES_ERROR;
				CLANG_WARN_EMPTY_BODY = YES;
				CLANG_WARN_ENUM_CONVERSION = YES;
				CLANG_WARN_INT_CONVERSION = YES;
				CLANG_WARN_OBJC_ROOT_CLASS = YES_ERROR;
				CLANG_WARN_UNREACHABLE_CODE = YES;
				CLANG_WARN__DUPLICATE_METHOD_MATCH = YES;
				CODE_SIGN_IDENTITY = "-";
				COPY_PHASE_STRIP = NO;
				DEBUG_INFORMATION_FORMAT = "dwarf-with-dsym";
				ENABLE_NS_ASSERTIONS = NO;
				ENABLE_STRICT_OBJC_MSGSEND = YES;
				GCC_C_LANGUAGE_STANDARD = gnu99;
				GCC_NO_COMMON_BLOCKS = YES;
				GCC_WARN_64_TO_32_BIT_CONVERSION = YES;
				GCC_WARN_ABOUT_RETURN_TYPE = YES_ERROR;
				GCC_WARN_UNDECLARED_SELECTOR = YES;
				GCC_WARN_UNINITIALIZED_AUTOS = YES_AGGRESSIVE;
				GCC_WARN_UNUSED_FUNCTION = YES;
				GCC_WARN_UNUSED_VARIABLE = YES;
				MACOSX_DEPLOYMENT_TARGET = 10.10;
				MTL_ENABLE_DEBUG_INFO = NO;
				SDKROOT = macosx;
			};
			name = Release;
		};
		D2E40C3E1B18A92100DB4641 /* Debug */ = {
			isa = XCBuildConfiguration;
			buildSettings = {
				ASSETCATALOG_COMPILER_APPICON_NAME = AppIcon;
				COMBINE_HIDPI_IMAGES = YES;
				INFOPLIST_FILE = keep/Info.plist;
				LD_RUNPATH_SEARCH_PATHS = "$(inherited) @executable_path/../Frameworks";
				PRODUCT_NAME = "$(TARGET_NAME)";
			};
			name = Debug;
		};
		D2E40C3F1B18A92100DB4641 /* Release */ = {
			isa = XCBuildConfiguration;
			buildSettings = {
				ASSETCATALOG_COMPILER_APPICON_NAME = AppIcon;
				COMBINE_HIDPI_IMAGES = YES;
				INFOPLIST_FILE = keep/Info.plist;
				LD_RUNPATH_SEARCH_PATHS = "$(inherited) @executable_path/../Frameworks";
				PRODUCT_NAME = "$(TARGET_NAME)";
			};
			name = Release;
		};
		D2E40C411B18A92100DB4641 /* Debug */ = {
			isa = XCBuildConfiguration;
			buildSettings = {
				BUNDLE_LOADER = "$(TEST_HOST)";
				COMBINE_HIDPI_IMAGES = YES;
				FRAMEWORK_SEARCH_PATHS = (
					"$(DEVELOPER_FRAMEWORKS_DIR)",
					"$(inherited)",
				);
				GCC_PREPROCESSOR_DEFINITIONS = (
					"DEBUG=1",
					"$(inherited)",
				);
				INFOPLIST_FILE = keepTests/Info.plist;
				LD_RUNPATH_SEARCH_PATHS = "$(inherited) @executable_path/../Frameworks @loader_path/../Frameworks";
				PRODUCT_NAME = "$(TARGET_NAME)";
				TEST_HOST = "$(BUILT_PRODUCTS_DIR)/keep.app/Contents/MacOS/keep";
			};
			name = Debug;
		};
		D2E40C421B18A92100DB4641 /* Release */ = {
			isa = XCBuildConfiguration;
			buildSettings = {
				BUNDLE_LOADER = "$(TEST_HOST)";
				COMBINE_HIDPI_IMAGES = YES;
				FRAMEWORK_SEARCH_PATHS = (
					"$(DEVELOPER_FRAMEWORKS_DIR)",
					"$(inherited)",
				);
				INFOPLIST_FILE = keepTests/Info.plist;
				LD_RUNPATH_SEARCH_PATHS = "$(inherited) @executable_path/../Frameworks @loader_path/../Frameworks";
				PRODUCT_NAME = "$(TARGET_NAME)";
				TEST_HOST = "$(BUILT_PRODUCTS_DIR)/keep.app/Contents/MacOS/keep";
			};
			name = Release;
		};
/* End XCBuildConfiguration section */

/* Begin XCConfigurationList section */
		D2E40C1C1B18A92100DB4641 /* Build configuration list for PBXProject "keep" */ = {
			isa = XCConfigurationList;
			buildConfigurations = (
				D2E40C3B1B18A92100DB4641 /* Debug */,
				D2E40C3C1B18A92100DB4641 /* Release */,
			);
			defaultConfigurationIsVisible = 0;
			defaultConfigurationName = Release;
		};
		D2E40C3D1B18A92100DB4641 /* Build configuration list for PBXNativeTarget "keep" */ = {
			isa = XCConfigurationList;
			buildConfigurations = (
				D2E40C3E1B18A92100DB4641 /* Debug */,
				D2E40C3F1B18A92100DB4641 /* Release */,
			);
			defaultConfigurationIsVisible = 0;
		};
		D2E40C401B18A92100DB4641 /* Build configuration list for PBXNativeTarget "keepTests" */ = {
			isa = XCConfigurationList;
			buildConfigurations = (
				D2E40C411B18A92100DB4641 /* Debug */,
				D2E40C421B18A92100DB4641 /* Release */,
			);
			defaultConfigurationIsVisible = 0;
		};
/* End XCConfigurationList section */
	};
	rootObject = D2E40C191B18A92100DB4641 /* Project object */;
}
